<?xml version="1.0" encoding="UTF-8" standalone="yes" ?>
<CodeBlocks_project_file>
	<FileVersion major="1" minor="6" />
	<Project>
		<Option title="CorneaVisualization" />
		<Option pch_mode="2" />
		<Option compiler="gcc" />
		<Build>
			<Target title="Debug">
				<Option output="bin/Debug/CorneaVisualization" prefix_auto="1" extension_auto="1" />
				<Option object_output="obj/Debug/" />
				<Option type="1" />
				<Option compiler="gcc" />
				<Compiler>
					<Add option="-g" />
					<Add directory="include" />
				</Compiler>
			</Target>
			<Target title="Release">
				<Option output="bin/Release/CorneaVisualization" prefix_auto="1" extension_auto="1" />
				<Option object_output="obj/Release/" />
				<Option type="1" />
				<Option compiler="gcc" />
				<Compiler>
					<Add option="-O2" />
					<Add directory="include" />
				</Compiler>
				<Linker>
					<Add option="-s" />
				</Linker>
			</Target>
		</Build>
		<Compiler>
			<Add option="-Wall" />
			<Add option="-fexceptions" />
		</Compiler>
		<Unit filename="include/ColorElevationMap.h" />
		<Unit filename="include/DataCornee.h" />
		<Unit filename="include/ParserString.h" />
		<Unit filename="include/ParserTopos.h" />
		<Unit filename="include/SurfaceElevationFromMatrice.h" />
		<Unit filename="include/SurfaceScalarFromMatrice.h" />
		<Unit filename="include/UtilsFile.h" />
		<Unit filename="include/UtilsTableau.h" />
		<Unit filename="include/UtilsVTK.h" />
		<Unit filename="include/UtilsVector.h" />
		<Unit filename="include/VolumeFromMatrice.h" />
		<Unit filename="include/pachymetry.h" />
		<Unit filename="main.cpp" />
		<Unit filename="src/ColorElevationMap.cpp" />
		<Unit filename="src/DataCornee.cpp" />
		<Unit filename="src/ParserString.cpp" />
		<Unit filename="src/ParserTopos.cpp" />
		<Unit filename="src/SurfaceElevationFromMatrice.cpp" />
		<Unit filename="src/SurfaceScalarFromMatrice.cpp" />
		<Unit filename="src/UtilsFile.cpp" />
		<Unit filename="src/UtilsTableau.cpp" />
		<Unit filename="src/UtilsVTK.cpp" />
		<Unit filename="src/UtilsVector.cpp" />
		<Unit filename="src/VolumeFromMatrice.cpp" />
		<Unit filename="src/pachymetry.cpp" />
		<Extensions>
			<code_completion />
			<debugger />
			<DoxyBlocks>
				<comment_style block="1" line="1" />
				<doxyfile_project />
				<doxyfile_build />
				<doxyfile_warnings />
				<doxyfile_output html="0" />
				<doxyfile_preprocessor enable_preprocessing="0" />
				<doxyfile_dot />
				<general />
			</DoxyBlocks>
			<envvars />
		</Extensions>
	</Project>
</CodeBlocks_project_file>
